<Solution>
  <Project Path="AIGooseGame.AppHost/AIGooseGame.AppHost.csproj" />
  <Project Path="AIGooseGame.ServiceDefaults/AIGooseGame.ServiceDefaults.csproj" />
  <Project Path="AIGooseGame/AIGooseGame.csproj" />
  <Project Path="EditorAgent/EditorAgent.csproj" />
  <Project Path="WriterAgent/WriterAgent.csproj" />
</Solution>
